
Microsoft Visual Studio Solution File, Format Version 12.00
# Visual Studio 2012
Project("{FAE04EC0-301F-11D3-BF4B-00C04F79EFBC}") = "YAWIP", "YAWIP.csproj", "{F01AB62F-78AD-4B23-ABF2-B732FA50FA27}"
EndProject
Global
	GlobalSection(SolutionConfigurationPlatforms) = preSolution
		Debug|x86 = Debug|x86
		Release|x86 = Release|x86
	EndGlobalSection
	GlobalSection(ProjectConfigurationPlatforms) = postSolution
		{F01AB62F-78AD-4B23-ABF2-B732FA50FA27}.Debug|x86.ActiveCfg = Debug|x86
		{F01AB62F-78AD-4B23-ABF2-B732FA50FA27}.Debug|x86.Build.0 = Debug|x86
		{F01AB62F-78AD-4B23-ABF2-B732FA50FA27}.Release|x86.ActiveCfg = Release|x86
		{F01AB62F-78AD-4B23-ABF2-B732FA50FA27}.Release|x86.Build.0 = Release|x86
	EndGlobalSection
EndGlobal
